{
  "name": "New_Final",
  "lockfileVersion": 3,
  "requires": true,
  "packages": {
    "": {
      "dependencies": {
        "python-dotenv": "^0.0.1-security",
        "streamlit": "^2.51.2"
      }
    },
    "node_modules/python-dotenv": {
      "version": "0.0.1-security",
      "resolved": "https://registry.npmjs.org/python-dotenv/-/python-dotenv-0.0.1-security.tgz",
      "integrity": "sha512-apeXcWdocxkoxZwtEngLBLzinwhNgaBZh9oeJSHtwoh4CtJY9eoPvz0yPWy+QlQlIw0BEeK09KbOvTZ1TK2pUA=="
    },
    "node_modules/streamlit": {
      "version": "2.51.2",
      "resolved": "https://registry.npmjs.org/streamlit/-/streamlit-2.51.2.tgz",
      "integrity": "sha512-ZMF3Z7ueouGnw98p+T96hFKrTAIBiY1Iz9D5qPQXBOi8+2RkBCmzInBnjZZa9abQVrlsAbndns+6E3aiYs9EGQ==",
      "license": "ISC"
    }
  }
}
